
Microsoft Visual Studio Solution File, Format Version 12.00
# Visual Studio Version 16
VisualStudioVersion = 16.0.30114.105
MinimumVisualStudioVersion = 10.0.40219.1
Project("{9A19103F-16F7-4668-BE54-9A1E7A4F7556}") = "RealCrowd.HelloSign", "RealCrowd.HelloSign\RealCrowd.HelloSign.csproj", "{43927F48-2424-4AA5-BAE7-C7B8ED6EFC1C}"
EndProject
Project("{9A19103F-16F7-4668-BE54-9A1E7A4F7556}") = "RealCrowd.HelloSign.Tests.Integration", "RealCrowd.HelloSign.Tests.Integration\RealCrowd.HelloSign.Tests.Integration.csproj", "{F7B3CE3F-E507-46E8-8B48-BE8C12DDED3E}"
EndProject
Global
	GlobalSection(SolutionConfigurationPlatforms) = preSolution
		Debug|Any CPU = Debug|Any CPU
		Release|Any CPU = Release|Any CPU
	EndGlobalSection
	GlobalSection(ProjectConfigurationPlatforms) = postSolution
		{43927F48-2424-4AA5-BAE7-C7B8ED6EFC1C}.Debug|Any CPU.ActiveCfg = Debug|Any CPU
		{43927F48-2424-4AA5-BAE7-C7B8ED6EFC1C}.Debug|Any CPU.Build.0 = Debug|Any CPU
		{43927F48-2424-4AA5-BAE7-C7B8ED6EFC1C}.Release|Any CPU.ActiveCfg = Release|Any CPU
		{43927F48-2424-4AA5-BAE7-C7B8ED6EFC1C}.Release|Any CPU.Build.0 = Release|Any CPU
		{F7B3CE3F-E507-46E8-8B48-BE8C12DDED3E}.Debug|Any CPU.ActiveCfg = Debug|Any CPU
		{F7B3CE3F-E507-46E8-8B48-BE8C12DDED3E}.Debug|Any CPU.Build.0 = Debug|Any CPU
		{F7B3CE3F-E507-46E8-8B48-BE8C12DDED3E}.Release|Any CPU.ActiveCfg = Release|Any CPU
		{F7B3CE3F-E507-46E8-8B48-BE8C12DDED3E}.Release|Any CPU.Build.0 = Release|Any CPU
	EndGlobalSection
	GlobalSection(SolutionProperties) = preSolution
		HideSolutionNode = FALSE
	EndGlobalSection
	GlobalSection(ExtensibilityGlobals) = postSolution
		SolutionGuid = {C970A22A-76C6-4661-8841-AB9E44A0186E}
	EndGlobalSection
EndGlobal
