
Microsoft Visual Studio Solution File, Format Version 12.00
# Visual Studio 2013
VisualStudioVersion = 12.0.21005.1
MinimumVisualStudioVersion = 10.0.40219.1
Project("{FAE04EC0-301F-11D3-BF4B-00C04F79EFBC}") = "RealCrowd.HelloSign", "RealCrowd.HelloSign\RealCrowd.HelloSign.csproj", "{F59B8402-6B5D-4082-AEDF-CA7EFEDDB730}"
EndProject
Project("{FAE04EC0-301F-11D3-BF4B-00C04F79EFBC}") = "RealCrowd.HelloSign.Tests.Integration", "RealCrowd.HelloSign.Tests.Integration\RealCrowd.HelloSign.Tests.Integration.csproj", "{7ED32A78-16DB-4B44-9D73-21F0B767CA39}"
EndProject
Global
	GlobalSection(SolutionConfigurationPlatforms) = preSolution
		Debug|Any CPU = Debug|Any CPU
		Release|Any CPU = Release|Any CPU
	EndGlobalSection
	GlobalSection(ProjectConfigurationPlatforms) = postSolution
		{F59B8402-6B5D-4082-AEDF-CA7EFEDDB730}.Debug|Any CPU.ActiveCfg = Debug|Any CPU
		{F59B8402-6B5D-4082-AEDF-CA7EFEDDB730}.Debug|Any CPU.Build.0 = Debug|Any CPU
		{F59B8402-6B5D-4082-AEDF-CA7EFEDDB730}.Release|Any CPU.ActiveCfg = Release|Any CPU
		{F59B8402-6B5D-4082-AEDF-CA7EFEDDB730}.Release|Any CPU.Build.0 = Release|Any CPU
		{7ED32A78-16DB-4B44-9D73-21F0B767CA39}.Debug|Any CPU.ActiveCfg = Debug|Any CPU
		{7ED32A78-16DB-4B44-9D73-21F0B767CA39}.Debug|Any CPU.Build.0 = Debug|Any CPU
		{7ED32A78-16DB-4B44-9D73-21F0B767CA39}.Release|Any CPU.ActiveCfg = Release|Any CPU
		{7ED32A78-16DB-4B44-9D73-21F0B767CA39}.Release|Any CPU.Build.0 = Release|Any CPU
	EndGlobalSection
	GlobalSection(SolutionProperties) = preSolution
		HideSolutionNode = FALSE
	EndGlobalSection
EndGlobal
